
Microsoft Visual Studio Solution File, Format Version 12.00
# Visual Studio 15
VisualStudioVersion = 15.0.26730.8
MinimumVisualStudioVersion = 10.0.40219.1
Project("{FAE04EC0-301F-11D3-BF4B-00C04F79EFBC}") = "DewDatabaseAbstracat", "DewDatabaseAbstracat\DewDatabaseAbstracat.csproj", "{EB864F85-E4B8-4B72-9182-2FFC54E4B8F5}"
EndProject
Global
	GlobalSection(SolutionConfigurationPlatforms) = preSolution
		Debug|Any CPU = Debug|Any CPU
		Release|Any CPU = Release|Any CPU
	EndGlobalSection
	GlobalSection(ProjectConfigurationPlatforms) = postSolution
		{EB864F85-E4B8-4B72-9182-2FFC54E4B8F5}.Debug|Any CPU.ActiveCfg = Debug|Any CPU
		{EB864F85-E4B8-4B72-9182-2FFC54E4B8F5}.Debug|Any CPU.Build.0 = Debug|Any CPU
		{EB864F85-E4B8-4B72-9182-2FFC54E4B8F5}.Release|Any CPU.ActiveCfg = Release|Any CPU
		{EB864F85-E4B8-4B72-9182-2FFC54E4B8F5}.Release|Any CPU.Build.0 = Release|Any CPU
	EndGlobalSection
	GlobalSection(SolutionProperties) = preSolution
		HideSolutionNode = FALSE
	EndGlobalSection
	GlobalSection(ExtensibilityGlobals) = postSolution
		SolutionGuid = {B22A5D8E-F1E7-40E2-BC51-954697268BDA}
	EndGlobalSection
EndGlobal
